// !$*UTF8*$!
{
	archiveVersion = 1;
	classes = {
	};
	objectVersion = 51;
	objects = {

/* Begin PBXBuildFile section */
		75B35F57D8F18185C976539C /* Pods_GurpreetTest_Weather.framework in Frameworks */ = {isa = PBXBuildFile; fileRef = 7EAD12525F409183E2DCC53B /* Pods_GurpreetTest_Weather.framework */; };
		934B7DEC2504FC9100C00ADA /* ApiCall.swift in Sources */ = {isa = PBXBuildFile; fileRef = 934B7DEB2504FC9100C00ADA /* ApiCall.swift */; };
		934B7DEE2504FCF800C00ADA /* Extensions.swift in Sources */ = {isa = PBXBuildFile; fileRef = 934B7DED2504FCF800C00ADA /* Extensions.swift */; };
		934B7DF12504FD8200C00ADA /* WeatherResponseModel.swift in Sources */ = {isa = PBXBuildFile; fileRef = 934B7DF02504FD8200C00ADA /* WeatherResponseModel.swift */; };
		934B7DF32504FE5500C00ADA /* HudManager.swift in Sources */ = {isa = PBXBuildFile; fileRef = 934B7DF22504FE5500C00ADA /* HudManager.swift */; };
		934B7DF52504FF5800C00ADA /* LocationRealmModel.swift in Sources */ = {isa = PBXBuildFile; fileRef = 934B7DF42504FF5800C00ADA /* LocationRealmModel.swift */; };
		934B7DF7250503BB00C00ADA /* WeatherViewController.swift in Sources */ = {isa = PBXBuildFile; fileRef = 934B7DF6250503BB00C00ADA /* WeatherViewController.swift */; };
		934B7DF925050B5000C00ADA /* RealmManager.swift in Sources */ = {isa = PBXBuildFile; fileRef = 934B7DF825050B5000C00ADA /* RealmManager.swift */; };
		93E728DB2504E1DA00B3041C /* AppDelegate.swift in Sources */ = {isa = PBXBuildFile; fileRef = 93E728DA2504E1DA00B3041C /* AppDelegate.swift */; };
		93E728DD2504E1DA00B3041C /* SceneDelegate.swift in Sources */ = {isa = PBXBuildFile; fileRef = 93E728DC2504E1DA00B3041C /* SceneDelegate.swift */; };
		93E728DF2504E1DA00B3041C /* ViewController.swift in Sources */ = {isa = PBXBuildFile; fileRef = 93E728DE2504E1DA00B3041C /* ViewController.swift */; };
		93E728E22504E1DA00B3041C /* Main.storyboard in Resources */ = {isa = PBXBuildFile; fileRef = 93E728E02504E1DA00B3041C /* Main.storyboard */; };
		93E728E42504E1DB00B3041C /* Assets.xcassets in Resources */ = {isa = PBXBuildFile; fileRef = 93E728E32504E1DB00B3041C /* Assets.xcassets */; };
		93E728E72504E1DB00B3041C /* LaunchScreen.storyboard in Resources */ = {isa = PBXBuildFile; fileRef = 93E728E52504E1DB00B3041C /* LaunchScreen.storyboard */; };
		93E728EF2504E38700B3041C /* LocationManager.swift in Sources */ = {isa = PBXBuildFile; fileRef = 93E728EE2504E38700B3041C /* LocationManager.swift */; };
		93E728F42504EA9200B3041C /* AlertManager.swift in Sources */ = {isa = PBXBuildFile; fileRef = 93E728F32504EA9200B3041C /* AlertManager.swift */; };
		93E728F62504EAB700B3041C /* AppConstants.swift in Sources */ = {isa = PBXBuildFile; fileRef = 93E728F52504EAB700B3041C /* AppConstants.swift */; };
/* End PBXBuildFile section */

/* Begin PBXFileReference section */
		7EAD12525F409183E2DCC53B /* Pods_GurpreetTest_Weather.framework */ = {isa = PBXFileReference; explicitFileType = wrapper.framework; includeInIndex = 0; path = Pods_GurpreetTest_Weather.framework; sourceTree = BUILT_PRODUCTS_DIR; };
		934B7DEB2504FC9100C00ADA /* ApiCall.swift */ = {isa = PBXFileReference; lastKnownFileType = sourcecode.swift; path = ApiCall.swift; sourceTree = "<group>"; };
		934B7DED2504FCF800C00ADA /* Extensions.swift */ = {isa = PBXFileReference; lastKnownFileType = sourcecode.swift; path = Extensions.swift; sourceTree = "<group>"; };
		934B7DF02504FD8200C00ADA /* WeatherResponseModel.swift */ = {isa = PBXFileReference; lastKnownFileType = sourcecode.swift; path = WeatherResponseModel.swift; sourceTree = "<group>"; };
		934B7DF22504FE5500C00ADA /* HudManager.swift */ = {isa = PBXFileReference; fileEncoding = 4; lastKnownFileType = sourcecode.swift; path = HudManager.swift; sourceTree = "<group>"; };
		934B7DF42504FF5800C00ADA /* LocationRealmModel.swift */ = {isa = PBXFileReference; fileEncoding = 4; lastKnownFileType = sourcecode.swift; path = LocationRealmModel.swift; sourceTree = "<group>"; };
		934B7DF6250503BB00C00ADA /* WeatherViewController.swift */ = {isa = PBXFileReference; lastKnownFileType = sourcecode.swift; path = WeatherViewController.swift; sourceTree = "<group>"; };
		934B7DF825050B5000C00ADA /* RealmManager.swift */ = {isa = PBXFileReference; fileEncoding = 4; lastKnownFileType = sourcecode.swift; path = RealmManager.swift; sourceTree = "<group>"; };
		93E728D72504E1DA00B3041C /* GurpreetTest_Weather.app */ = {isa = PBXFileReference; explicitFileType = wrapper.application; includeInIndex = 0; path = GurpreetTest_Weather.app; sourceTree = BUILT_PRODUCTS_DIR; };
		93E728DA2504E1DA00B3041C /* AppDelegate.swift */ = {isa = PBXFileReference; lastKnownFileType = sourcecode.swift; path = AppDelegate.swift; sourceTree = "<group>"; };
		93E728DC2504E1DA00B3041C /* SceneDelegate.swift */ = {isa = PBXFileReference; lastKnownFileType = sourcecode.swift; path = SceneDelegate.swift; sourceTree = "<group>"; };
		93E728DE2504E1DA00B3041C /* ViewController.swift */ = {isa = PBXFileReference; lastKnownFileType = sourcecode.swift; path = ViewController.swift; sourceTree = "<group>"; };
		93E728E12504E1DA00B3041C /* Base */ = {isa = PBXFileReference; lastKnownFileType = file.storyboard; name = Base; path = Base.lproj/Main.storyboard; sourceTree = "<group>"; };
		93E728E32504E1DB00B3041C /* Assets.xcassets */ = {isa = PBXFileReference; lastKnownFileType = folder.assetcatalog; path = Assets.xcassets; sourceTree = "<group>"; };
		93E728E62504E1DB00B3041C /* Base */ = {isa = PBXFileReference; lastKnownFileType = file.storyboard; name = Base; path = Base.lproj/LaunchScreen.storyboard; sourceTree = "<group>"; };
		93E728E82504E1DB00B3041C /* Info.plist */ = {isa = PBXFileReference; lastKnownFileType = text.plist.xml; path = Info.plist; sourceTree = "<group>"; };
		93E728EE2504E38700B3041C /* LocationManager.swift */ = {isa = PBXFileReference; lastKnownFileType = sourcecode.swift; path = LocationManager.swift; sourceTree = "<group>"; };
		93E728F32504EA9200B3041C /* AlertManager.swift */ = {isa = PBXFileReference; fileEncoding = 4; lastKnownFileType = sourcecode.swift; path = AlertManager.swift; sourceTree = "<group>"; };
		93E728F52504EAB700B3041C /* AppConstants.swift */ = {isa = PBXFileReference; fileEncoding = 4; lastKnownFileType = sourcecode.swift; path = AppConstants.swift; sourceTree = "<group>"; };
		97C9F27A1A1364552C6B5564 /* Pods-GurpreetTest_Weather.release.xcconfig */ = {isa = PBXFileReference; includeInIndex = 1; lastKnownFileType = text.xcconfig; name = "Pods-GurpreetTest_Weather.release.xcconfig"; path = "Target Support Files/Pods-GurpreetTest_Weather/Pods-GurpreetTest_Weather.release.xcconfig"; sourceTree = "<group>"; };
		A7E16AFE55E68A3DCF8715F6 /* Pods-GurpreetTest_Weather.debug.xcconfig */ = {isa = PBXFileReference; includeInIndex = 1; lastKnownFileType = text.xcconfig; name = "Pods-GurpreetTest_Weather.debug.xcconfig"; path = "Target Support Files/Pods-GurpreetTest_Weather/Pods-GurpreetTest_Weather.debug.xcconfig"; sourceTree = "<group>"; };
/* End PBXFileReference section */

/* Begin PBXFrameworksBuildPhase section */
		93E728D42504E1DA00B3041C /* Frameworks */ = {
			isa = PBXFrameworksBuildPhase;
			buildActionMask = 2147483647;
			files = (
				75B35F57D8F18185C976539C /* Pods_GurpreetTest_Weather.framework in Frameworks */,
			);
			runOnlyForDeploymentPostprocessing = 0;
		};
/* End PBXFrameworksBuildPhase section */

/* Begin PBXGroup section */
		3150D19D1B1752AD6E838FF3 /* Pods */ = {
			isa = PBXGroup;
			children = (
				A7E16AFE55E68A3DCF8715F6 /* Pods-GurpreetTest_Weather.debug.xcconfig */,
				97C9F27A1A1364552C6B5564 /* Pods-GurpreetTest_Weather.release.xcconfig */,
			);
			path = Pods;
			sourceTree = "<group>";
		};
		934B7DEF2504FD6C00C00ADA /* Models */ = {
			isa = PBXGroup;
			children = (
				934B7DF42504FF5800C00ADA /* LocationRealmModel.swift */,
				934B7DF02504FD8200C00ADA /* WeatherResponseModel.swift */,
			);
			path = Models;
			sourceTree = "<group>";
		};
		93E728CE2504E1DA00B3041C = {
			isa = PBXGroup;
			children = (
				93E728D92504E1DA00B3041C /* GurpreetTest_Weather */,
				93E728D82504E1DA00B3041C /* Products */,
				3150D19D1B1752AD6E838FF3 /* Pods */,
				CC87E3C075C722458A3A9108 /* Frameworks */,
			);
			sourceTree = "<group>";
		};
		93E728D82504E1DA00B3041C /* Products */ = {
			isa = PBXGroup;
			children = (
				93E728D72504E1DA00B3041C /* GurpreetTest_Weather.app */,
			);
			name = Products;
			sourceTree = "<group>";
		};
		93E728D92504E1DA00B3041C /* GurpreetTest_Weather */ = {
			isa = PBXGroup;
			children = (
				93E728DA2504E1DA00B3041C /* AppDelegate.swift */,
				93E728DC2504E1DA00B3041C /* SceneDelegate.swift */,
				93E728DE2504E1DA00B3041C /* ViewController.swift */,
				934B7DF6250503BB00C00ADA /* WeatherViewController.swift */,
				93E728E02504E1DA00B3041C /* Main.storyboard */,
				93E728E32504E1DB00B3041C /* Assets.xcassets */,
				93E728E52504E1DB00B3041C /* LaunchScreen.storyboard */,
				93E728E82504E1DB00B3041C /* Info.plist */,
				93E728F02504E38B00B3041C /* Managers */,
			);
			path = GurpreetTest_Weather;
			sourceTree = "<group>";
		};
		93E728F02504E38B00B3041C /* Managers */ = {
			isa = PBXGroup;
			children = (
				934B7DEF2504FD6C00C00ADA /* Models */,
				93E728F52504EAB700B3041C /* AppConstants.swift */,
				93E728EE2504E38700B3041C /* LocationManager.swift */,
				93E728F32504EA9200B3041C /* AlertManager.swift */,
				934B7DF22504FE5500C00ADA /* HudManager.swift */,
				934B7DEB2504FC9100C00ADA /* ApiCall.swift */,
				934B7DF825050B5000C00ADA /* RealmManager.swift */,
				934B7DED2504FCF800C00ADA /* Extensions.swift */,
			);
			path = Managers;
			sourceTree = "<group>";
		};
		CC87E3C075C722458A3A9108 /* Frameworks */ = {
			isa = PBXGroup;
			children = (
				7EAD12525F409183E2DCC53B /* Pods_GurpreetTest_Weather.framework */,
			);
			name = Frameworks;
			sourceTree = "<group>";
		};
/* End PBXGroup section */

/* Begin PBXNativeTarget section */
		93E728D62504E1DA00B3041C /* GurpreetTest_Weather */ = {
			isa = PBXNativeTarget;
			buildConfigurationList = 93E728EB2504E1DB00B3041C /* Build configuration list for PBXNativeTarget "GurpreetTest_Weather" */;
			buildPhases = (
				E7FBE414490082905EEA61AA /* [CP] Check Pods Manifest.lock */,
				93E728D32504E1DA00B3041C /* Sources */,
				93E728D42504E1DA00B3041C /* Frameworks */,
				93E728D52504E1DA00B3041C /* Resources */,
				BBE0914EF0575D92AAC17341 /* [CP] Embed Pods Frameworks */,
			);
			buildRules = (
			);
			dependencies = (
			);
			name = GurpreetTest_Weather;
			productName = GurpreetTest_Weather;
			productReference = 93E728D72504E1DA00B3041C /* GurpreetTest_Weather.app */;
			productType = "com.apple.product-type.application";
		};
/* End PBXNativeTarget section */

/* Begin PBXProject section */
		93E728CF2504E1DA00B3041C /* Project object */ = {
			isa = PBXProject;
			attributes = {
				LastSwiftUpdateCheck = 1130;
				LastUpgradeCheck = 1130;
				ORGANIZATIONNAME = "Gurpreet Singh";
				TargetAttributes = {
					93E728D62504E1DA00B3041C = {
						CreatedOnToolsVersion = 11.3.1;
					};
				};
			};
			buildConfigurationList = 93E728D22504E1DA00B3041C /* Build configuration list for PBXProject "GurpreetTest_Weather" */;
			compatibilityVersion = "Xcode 9.3";
			developmentRegion = en;
			hasScannedForEncodings = 0;
			knownRegions = (
				en,
				Base,
			);
			mainGroup = 93E728CE2504E1DA00B3041C;
			productRefGroup = 93E728D82504E1DA00B3041C /* Products */;
			projectDirPath = "";
			projectRoot = "";
			targets = (
				93E728D62504E1DA00B3041C /* GurpreetTest_Weather */,
			);
		};
/* End PBXProject section */

/* Begin PBXResourcesBuildPhase section */
		93E728D52504E1DA00B3041C /* Resources */ = {
			isa = PBXResourcesBuildPhase;
			buildActionMask = 2147483647;
			files = (
				93E728E72504E1DB00B3041C /* LaunchScreen.storyboard in Resources */,
				93E728E42504E1DB00B3041C /* Assets.xcassets in Resources */,
				93E728E22504E1DA00B3041C /* Main.storyboard in Resources */,
			);
			runOnlyForDeploymentPostprocessing = 0;
		};
/* End PBXResourcesBuildPhase section */

/* Begin PBXShellScriptBuildPhase section */
		BBE0914EF0575D92AAC17341 /* [CP] Embed Pods Frameworks */ = {
			isa = PBXShellScriptBuildPhase;
			buildActionMask = 2147483647;
			files = (
			);
			inputFileListPaths = (
				"${PODS_ROOT}/Target Support Files/Pods-GurpreetTest_Weather/Pods-GurpreetTest_Weather-frameworks-${CONFIGURATION}-input-files.xcfilelist",
			);
			name = "[CP] Embed Pods Frameworks";
			outputFileListPaths = (
				"${PODS_ROOT}/Target Support Files/Pods-GurpreetTest_Weather/Pods-GurpreetTest_Weather-frameworks-${CONFIGURATION}-output-files.xcfilelist",
			);
			runOnlyForDeploymentPostprocessing = 0;
			shellPath = /bin/sh;
			shellScript = "\"${PODS_ROOT}/Target Support Files/Pods-GurpreetTest_Weather/Pods-GurpreetTest_Weather-frameworks.sh\"\n";
			showEnvVarsInLog = 0;
		};
		E7FBE414490082905EEA61AA /* [CP] Check Pods Manifest.lock */ = {
			isa = PBXShellScriptBuildPhase;
			buildActionMask = 2147483647;
			files = (
			);
			inputFileListPaths = (
			);
			inputPaths = (
				"${PODS_PODFILE_DIR_PATH}/Podfile.lock",
				"${PODS_ROOT}/Manifest.lock",
			);
			name = "[CP] Check Pods Manifest.lock";
			outputFileListPaths = (
			);
			outputPaths = (
				"$(DERIVED_FILE_DIR)/Pods-GurpreetTest_Weather-checkManifestLockResult.txt",
			);
			runOnlyForDeploymentPostprocessing = 0;
			shellPath = /bin/sh;
			shellScript = "diff \"${PODS_PODFILE_DIR_PATH}/Podfile.lock\" \"${PODS_ROOT}/Manifest.lock\" > /dev/null\nif [ $? != 0 ] ; then\n    # print error to STDERR\n    echo \"error: The sandbox is not in sync with the Podfile.lock. Run 'pod install' or update your CocoaPods installation.\" >&2\n    exit 1\nfi\n# This output is used by Xcode 'outputs' to avoid re-running this script phase.\necho \"SUCCESS\" > \"${SCRIPT_OUTPUT_FILE_0}\"\n";
			showEnvVarsInLog = 0;
		};
/* End PBXShellScriptBuildPhase section */

/* Begin PBXSourcesBuildPhase section */
		93E728D32504E1DA00B3041C /* Sources */ = {
			isa = PBXSourcesBuildPhase;
			buildActionMask = 2147483647;
			files = (
				934B7DF925050B5000C00ADA /* RealmManager.swift in Sources */,
				93E728EF2504E38700B3041C /* LocationManager.swift in Sources */,
				934B7DF7250503BB00C00ADA /* WeatherViewController.swift in Sources */,
				934B7DF52504FF5800C00ADA /* LocationRealmModel.swift in Sources */,
				934B7DF12504FD8200C00ADA /* WeatherResponseModel.swift in Sources */,
				93E728DF2504E1DA00B3041C /* ViewController.swift in Sources */,
				93E728F42504EA9200B3041C /* AlertManager.swift in Sources */,
				934B7DEE2504FCF800C00ADA /* Extensions.swift in Sources */,
				934B7DEC2504FC9100C00ADA /* ApiCall.swift in Sources */,
				93E728F62504EAB700B3041C /* AppConstants.swift in Sources */,
				93E728DB2504E1DA00B3041C /* AppDelegate.swift in Sources */,
				93E728DD2504E1DA00B3041C /* SceneDelegate.swift in Sources */,
				934B7DF32504FE5500C00ADA /* HudManager.swift in Sources */,
			);
			runOnlyForDeploymentPostprocessing = 0;
		};
/* End PBXSourcesBuildPhase section */

/* Begin PBXVariantGroup section */
		93E728E02504E1DA00B3041C /* Main.storyboard */ = {
			isa = PBXVariantGroup;
			children = (
				93E728E12504E1DA00B3041C /* Base */,
			);
			name = Main.storyboard;
			sourceTree = "<group>";
		};
		93E728E52504E1DB00B3041C /* LaunchScreen.storyboard */ = {
			isa = PBXVariantGroup;
			children = (
				93E728E62504E1DB00B3041C /* Base */,
			);
			name = LaunchScreen.storyboard;
			sourceTree = "<group>";
		};
/* End PBXVariantGroup section */

/* Begin XCBuildConfiguration section */
		93E728E92504E1DB00B3041C /* Debug */ = {
			isa = XCBuildConfiguration;
			buildSettings = {
				ALWAYS_SEARCH_USER_PATHS = NO;
				CLANG_ANALYZER_NONNULL = YES;
				CLANG_ANALYZER_NUMBER_OBJECT_CONVERSION = YES_AGGRESSIVE;
				CLANG_CXX_LANGUAGE_STANDARD = "gnu++14";
				CLANG_CXX_LIBRARY = "libc++";
				CLANG_ENABLE_MODULES = YES;
				CLANG_ENABLE_OBJC_ARC = YES;
				CLANG_ENABLE_OBJC_WEAK = YES;
				CLANG_WARN_BLOCK_CAPTURE_AUTORELEASING = YES;
				CLANG_WARN_BOOL_CONVERSION = YES;
				CLANG_WARN_COMMA = YES;
				CLANG_WARN_CONSTANT_CONVERSION = YES;
				CLANG_WARN_DEPRECATED_OBJC_IMPLEMENTATIONS = YES;
				CLANG_WARN_DIRECT_OBJC_ISA_USAGE = YES_ERROR;
				CLANG_WARN_DOCUMENTATION_COMMENTS = YES;
				CLANG_WARN_EMPTY_BODY = YES;
				CLANG_WARN_ENUM_CONVERSION = YES;
				CLANG_WARN_INFINITE_RECURSION = YES;
				CLANG_WARN_INT_CONVERSION = YES;
				CLANG_WARN_NON_LITERAL_NULL_CONVERSION = YES;
				CLANG_WARN_OBJC_IMPLICIT_RETAIN_SELF = YES;
				CLANG_WARN_OBJC_LITERAL_CONVERSION = YES;
				CLANG_WARN_OBJC_ROOT_CLASS = YES_ERROR;
				CLANG_WARN_RANGE_LOOP_ANALYSIS = YES;
				CLANG_WARN_STRICT_PROTOTYPES = YES;
				CLANG_WARN_SUSPICIOUS_MOVE = YES;
				CLANG_WARN_UNGUARDED_AVAILABILITY = YES_AGGRESSIVE;
				CLANG_WARN_UNREACHABLE_CODE = YES;
				CLANG_WARN__DUPLICATE_METHOD_MATCH = YES;
				COPY_PHASE_STRIP = NO;
				DEBUG_INFORMATION_FORMAT = dwarf;
				ENABLE_STRICT_OBJC_MSGSEND = YES;
				ENABLE_TESTABILITY = YES;
				GCC_C_LANGUAGE_STANDARD = gnu11;
				GCC_DYNAMIC_NO_PIC = NO;
				GCC_NO_COMMON_BLOCKS = YES;
				GCC_OPTIMIZATION_LEVEL = 0;
				GCC_PREPROCESSOR_DEFINITIONS = (
					"DEBUG=1",
					"$(inherited)",
				);
				GCC_WARN_64_TO_32_BIT_CONVERSION = YES;
				GCC_WARN_ABOUT_RETURN_TYPE = YES_ERROR;
				GCC_WARN_UNDECLARED_SELECTOR = YES;
				GCC_WARN_UNINITIALIZED_AUTOS = YES_AGGRESSIVE;
				GCC_WARN_UNUSED_FUNCTION = YES;
				GCC_WARN_UNUSED_VARIABLE = YES;
				IPHONEOS_DEPLOYMENT_TARGET = 13.2;
				MTL_ENABLE_DEBUG_INFO = INCLUDE_SOURCE;
				MTL_FAST_MATH = YES;
				ONLY_ACTIVE_ARCH = YES;
				SDKROOT = iphoneos;
				SWIFT_ACTIVE_COMPILATION_CONDITIONS = DEBUG;
				SWIFT_OPTIMIZATION_LEVEL = "-Onone";
			};
			name = Debug;
		};
		93E728EA2504E1DB00B3041C /* Release */ = {
			isa = XCBuildConfiguration;
			buildSettings = {
				ALWAYS_SEARCH_USER_PATHS = NO;
				CLANG_ANALYZER_NONNULL = YES;
				CLANG_ANALYZER_NUMBER_OBJECT_CONVERSION = YES_AGGRESSIVE;
				CLANG_CXX_LANGUAGE_STANDARD = "gnu++14";
				CLANG_CXX_LIBRARY = "libc++";
				CLANG_ENABLE_MODULES = YES;
				CLANG_ENABLE_OBJC_ARC = YES;
				CLANG_ENABLE_OBJC_WEAK = YES;
				CLANG_WARN_BLOCK_CAPTURE_AUTORELEASING = YES;
				CLANG_WARN_BOOL_CONVERSION = YES;
				CLANG_WARN_COMMA = YES;
				CLANG_WARN_CONSTANT_CONVERSION = YES;
				CLANG_WARN_DEPRECATED_OBJC_IMPLEMENTATIONS = YES;
				CLANG_WARN_DIRECT_OBJC_ISA_USAGE = YES_ERROR;
				CLANG_WARN_DOCUMENTATION_COMMENTS = YES;
				CLANG_WARN_EMPTY_BODY = YES;
				CLANG_WARN_ENUM_CONVERSION = YES;
				CLANG_WARN_INFINITE_RECURSION = YES;
				CLANG_WARN_INT_CONVERSION = YES;
				CLANG_WARN_NON_LITERAL_NULL_CONVERSION = YES;
				CLANG_WARN_OBJC_IMPLICIT_RETAIN_SELF = YES;
				CLANG_WARN_OBJC_LITERAL_CONVERSION = YES;
				CLANG_WARN_OBJC_ROOT_CLASS = YES_ERROR;
				CLANG_WARN_RANGE_LOOP_ANALYSIS = YES;
				CLANG_WARN_STRICT_PROTOTYPES = YES;
				CLANG_WARN_SUSPICIOUS_MOVE = YES;
				CLANG_WARN_UNGUARDED_AVAILABILITY = YES_AGGRESSIVE;
				CLANG_WARN_UNREACHABLE_CODE = YES;
				CLANG_WARN__DUPLICATE_METHOD_MATCH = YES;
				COPY_PHASE_STRIP = NO;
				DEBUG_INFORMATION_FORMAT = "dwarf-with-dsym";
				ENABLE_NS_ASSERTIONS = NO;
				ENABLE_STRICT_OBJC_MSGSEND = YES;
				GCC_C_LANGUAGE_STANDARD = gnu11;
				GCC_NO_COMMON_BLOCKS = YES;
				GCC_WARN_64_TO_32_BIT_CONVERSION = YES;
				GCC_WARN_ABOUT_RETURN_TYPE = YES_ERROR;
				GCC_WARN_UNDECLARED_SELECTOR = YES;
				GCC_WARN_UNINITIALIZED_AUTOS = YES_AGGRESSIVE;
				GCC_WARN_UNUSED_FUNCTION = YES;
				GCC_WARN_UNUSED_VARIABLE = YES;
				IPHONEOS_DEPLOYMENT_TARGET = 13.2;
				MTL_ENABLE_DEBUG_INFO = NO;
				MTL_FAST_MATH = YES;
				SDKROOT = iphoneos;
				SWIFT_COMPILATION_MODE = wholemodule;
				SWIFT_OPTIMIZATION_LEVEL = "-O";
				VALIDATE_PRODUCT = YES;
			};
			name = Release;
		};
		93E728EC2504E1DB00B3041C /* Debug */ = {
			isa = XCBuildConfiguration;
			baseConfigurationReference = A7E16AFE55E68A3DCF8715F6 /* Pods-GurpreetTest_Weather.debug.xcconfig */;
			buildSettings = {
				ASSETCATALOG_COMPILER_APPICON_NAME = AppIcon;
				CODE_SIGN_STYLE = Automatic;
				INFOPLIST_FILE = GurpreetTest_Weather/Info.plist;
				LD_RUNPATH_SEARCH_PATHS = (
					"$(inherited)",
					"@executable_path/Frameworks",
				);
				PRODUCT_BUNDLE_IDENTIFIER = "com.DGServices.GurpreetTest-Weather";
				PRODUCT_NAME = "$(TARGET_NAME)";
				SWIFT_VERSION = 5.0;
				TARGETED_DEVICE_FAMILY = "1,2";
			};
			name = Debug;
		};
		93E728ED2504E1DB00B3041C /* Release */ = {
			isa = XCBuildConfiguration;
			baseConfigurationReference = 97C9F27A1A1364552C6B5564 /* Pods-GurpreetTest_Weather.release.xcconfig */;
			buildSettings = {
				ASSETCATALOG_COMPILER_APPICON_NAME = AppIcon;
				CODE_SIGN_STYLE = Automatic;
				INFOPLIST_FILE = GurpreetTest_Weather/Info.plist;
				LD_RUNPATH_SEARCH_PATHS = (
					"$(inherited)",
					"@executable_path/Frameworks",
				);
				PRODUCT_BUNDLE_IDENTIFIER = "com.DGServices.GurpreetTest-Weather";
				PRODUCT_NAME = "$(TARGET_NAME)";
				SWIFT_VERSION = 5.0;
				TARGETED_DEVICE_FAMILY = "1,2";
			};
			name = Release;
		};
/* End XCBuildConfiguration section */

/* Begin XCConfigurationList section */
		93E728D22504E1DA00B3041C /* Build configuration list for PBXProject "GurpreetTest_Weather" */ = {
			isa = XCConfigurationList;
			buildConfigurations = (
				93E728E92504E1DB00B3041C /* Debug */,
				93E728EA2504E1DB00B3041C /* Release */,
			);
			defaultConfigurationIsVisible = 0;
			defaultConfigurationName = Release;
		};
		93E728EB2504E1DB00B3041C /* Build configuration list for PBXNativeTarget "GurpreetTest_Weather" */ = {
			isa = XCConfigurationList;
			buildConfigurations = (
				93E728EC2504E1DB00B3041C /* Debug */,
				93E728ED2504E1DB00B3041C /* Release */,
			);
			defaultConfigurationIsVisible = 0;
			defaultConfigurationName = Release;
		};
/* End XCConfigurationList section */
	};
	rootObject = 93E728CF2504E1DA00B3041C /* Project object */;
}
